
Microsoft Visual Studio Solution File, Format Version 12.00
# Visual Studio Version 17
VisualStudioVersion = 17.8.34408.163
MinimumVisualStudioVersion = 10.0.40219.1
Project("{FAE04EC0-301F-11D3-BF4B-00C04F79EFBC}") = "Portal_De_Notas", "Portal_De_Notas\Portal_De_Notas.csproj", "{1E7D6D8F-B582-449E-9A81-D529BF359A8F}"
EndProject
Global
	GlobalSection(SolutionConfigurationPlatforms) = preSolution
		Debug|Any CPU = Debug|Any CPU
		Release|Any CPU = Release|Any CPU
	EndGlobalSection
	GlobalSection(ProjectConfigurationPlatforms) = postSolution
		{1E7D6D8F-B582-449E-9A81-D529BF359A8F}.Debug|Any CPU.ActiveCfg = Debug|Any CPU
		{1E7D6D8F-B582-449E-9A81-D529BF359A8F}.Debug|Any CPU.Build.0 = Debug|Any CPU
		{1E7D6D8F-B582-449E-9A81-D529BF359A8F}.Release|Any CPU.ActiveCfg = Release|Any CPU
		{1E7D6D8F-B582-449E-9A81-D529BF359A8F}.Release|Any CPU.Build.0 = Release|Any CPU
	EndGlobalSection
	GlobalSection(SolutionProperties) = preSolution
		HideSolutionNode = FALSE
	EndGlobalSection
	GlobalSection(ExtensibilityGlobals) = postSolution
		SolutionGuid = {06B7D906-08D3-4110-AAB3-22E899000D09}
	EndGlobalSection
EndGlobal
